
Microsoft Visual Studio Solution File, Format Version 12.00
# Visual Studio 15
VisualStudioVersion = 15.0.28307.1800
MinimumVisualStudioVersion = 10.0.40219.1
Project("{FAE04EC0-301F-11D3-BF4B-00C04F79EFBC}") = "CrudApplicationAdo", "CrudApplicationAdo\CrudApplicationAdo.csproj", "{58ED4B8A-D771-4C51-9E98-3636883E09E6}"
EndProject
Global
	GlobalSection(SolutionConfigurationPlatforms) = preSolution
		Debug|Any CPU = Debug|Any CPU
		Release|Any CPU = Release|Any CPU
	EndGlobalSection
	GlobalSection(ProjectConfigurationPlatforms) = postSolution
		{58ED4B8A-D771-4C51-9E98-3636883E09E6}.Debug|Any CPU.ActiveCfg = Debug|Any CPU
		{58ED4B8A-D771-4C51-9E98-3636883E09E6}.Debug|Any CPU.Build.0 = Debug|Any CPU
		{58ED4B8A-D771-4C51-9E98-3636883E09E6}.Release|Any CPU.ActiveCfg = Release|Any CPU
		{58ED4B8A-D771-4C51-9E98-3636883E09E6}.Release|Any CPU.Build.0 = Release|Any CPU
	EndGlobalSection
	GlobalSection(SolutionProperties) = preSolution
		HideSolutionNode = FALSE
	EndGlobalSection
	GlobalSection(ExtensibilityGlobals) = postSolution
		SolutionGuid = {4725C559-62E1-4FC0-9EF0-E8A31C82979C}
	EndGlobalSection
EndGlobal
